
Microsoft Visual Studio Solution File, Format Version 12.00
# Visual Studio 15
VisualStudioVersion = 15.0.27703.2000
MinimumVisualStudioVersion = 10.0.40219.1
Project("{FAE04EC0-301F-11D3-BF4B-00C04F79EFBC}") = "Gamut.UI", "Gamut.UI\Gamut.UI.csproj", "{79B11BA6-110B-4978-8B3A-25B30D977B7A}"
EndProject
Global
	GlobalSection(SolutionConfigurationPlatforms) = preSolution
		Debug|Any CPU = Debug|Any CPU
		Release|Any CPU = Release|Any CPU
	EndGlobalSection
	GlobalSection(ProjectConfigurationPlatforms) = postSolution
		{79B11BA6-110B-4978-8B3A-25B30D977B7A}.Debug|Any CPU.ActiveCfg = Debug|Any CPU
		{79B11BA6-110B-4978-8B3A-25B30D977B7A}.Debug|Any CPU.Build.0 = Debug|Any CPU
		{79B11BA6-110B-4978-8B3A-25B30D977B7A}.Release|Any CPU.ActiveCfg = Release|Any CPU
		{79B11BA6-110B-4978-8B3A-25B30D977B7A}.Release|Any CPU.Build.0 = Release|Any CPU
	EndGlobalSection
	GlobalSection(SolutionProperties) = preSolution
		HideSolutionNode = FALSE
	EndGlobalSection
	GlobalSection(ExtensibilityGlobals) = postSolution
		SolutionGuid = {0971FC49-A42B-4606-A177-F10A67553C07}
	EndGlobalSection
EndGlobal
